
Microsoft Visual Studio Solution File, Format Version 12.00
# Visual Studio Version 16
VisualStudioVersion = 16.0.30523.141
MinimumVisualStudioVersion = 10.0.40219.1
Project("{FAE04EC0-301F-11D3-BF4B-00C04F79EFBC}") = "SeleniumTest", "SeleniumTest\SeleniumTest.csproj", "{9C279C83-32A5-40F0-BEAA-64B7A198F0F2}"
EndProject
Global
	GlobalSection(SolutionConfigurationPlatforms) = preSolution
		Debug|Any CPU = Debug|Any CPU
		Release|Any CPU = Release|Any CPU
	EndGlobalSection
	GlobalSection(ProjectConfigurationPlatforms) = postSolution
		{9C279C83-32A5-40F0-BEAA-64B7A198F0F2}.Debug|Any CPU.ActiveCfg = Debug|Any CPU
		{9C279C83-32A5-40F0-BEAA-64B7A198F0F2}.Debug|Any CPU.Build.0 = Debug|Any CPU
		{9C279C83-32A5-40F0-BEAA-64B7A198F0F2}.Release|Any CPU.ActiveCfg = Release|Any CPU
		{9C279C83-32A5-40F0-BEAA-64B7A198F0F2}.Release|Any CPU.Build.0 = Release|Any CPU
	EndGlobalSection
	GlobalSection(SolutionProperties) = preSolution
		HideSolutionNode = FALSE
	EndGlobalSection
	GlobalSection(ExtensibilityGlobals) = postSolution
		SolutionGuid = {DB8D73A4-0330-4CBA-8FB1-D4945757F89D}
	EndGlobalSection
EndGlobal
